https://github.com/akitaonrails/ai-usagebar.git akitaonrails.ai-usagebar 7de99ca9fbb28fc2921b4d3ba848c1946fa941b8
https://github.com/bobby-nicholas/omaland.git bobbynicholas.omaland 442814911289079ee841cae0bce9f394e9708e9a
https://github.com/wesleygrimes/omastorm.git com.omastorm.radar 16f46d8d1e6f736220a3850d87a857ee25e3934d
https://github.com/Deunnis/omarchy-lacquer io.github.deunnis.lacquer db86a16fcbaa658e571c9c4b4fd4e22db965205d
https://github.com/SirJul1337/omarchy-lock-explorer.git io.github.sirjul1337.lock-explorer e285d52f0fdee3211af994ddfe0e76204b18e830
https://github.com/fross100/omaplug.git omaplug 9da73fc13fc2027be5b44915b4ab89440beb74ab
